<?xml version="1.0" encoding="utf-8"?>
<Project ToolsVersion="4.0" xmlns="http://schemas.microsoft.com/developer/msbuild/2003">
  <ItemGroup>
    <Filter Include="Source Files">
      <UniqueIdentifier>{f2777fd5-407a-4047-afb9-fa45f296c2ac}</UniqueIdentifier>
      <Extensions>cpp;c;cxx;rc;def;r;odl;hpj;bat;for;f90</Extensions>
    </Filter>
    <Filter Include="Header Files">
      <UniqueIdentifier>{4a01752f-985c-4c74-8f04-d8ad658b5d45}</UniqueIdentifier>
      <Extensions>h;hpp;hxx;hm;inl;fi;fd</Extensions>
    </Filter>
    <Filter Include="Resource Files">
      <UniqueIdentifier>{2dae0925-e41b-40f8-b532-7edb8cc8954e}</UniqueIdentifier>
      <Extensions>ico;cur;bmp;dlg;rc2;rct;bin;cnt;rtf;gif;jpg;jpeg;jpe</Extensions>
    </Filter>
  </ItemGroup>
  <ItemGroup>
    <ClCompile Include="win32\cd_win.c">
      <Filter>Source Files</Filter>
    </ClCompile>
    <ClCompile Include="client\cl_cin.c">
      <Filter>Source Files</Filter>
    </ClCompile>
    <ClCompile Include="client\cl_ents.c">
      <Filter>Source Files</Filter>
    </ClCompile>
    <ClCompile Include="client\cl_fx.c">
      <Filter>Source Files</Filter>
    </ClCompile>
    <ClCompile Include="client\cl_input.c">
      <Filter>Source Files</Filter>
    </ClCompile>
    <ClCompile Include="client\cl_inv.c">
      <Filter>Source Files</Filter>
    </ClCompile>
    <ClCompile Include="client\cl_main.c">
      <Filter>Source Files</Filter>
    </ClCompile>
    <ClCompile Include="client\cl_newfx.c">
      <Filter>Source Files</Filter>
    </ClCompile>
    <ClCompile Include="client\cl_parse.c">
      <Filter>Source Files</Filter>
    </ClCompile>
    <ClCompile Include="client\cl_pred.c">
      <Filter>Source Files</Filter>
    </ClCompile>
    <ClCompile Include="client\cl_scrn.c">
      <Filter>Source Files</Filter>
    </ClCompile>
    <ClCompile Include="client\cl_tent.c">
      <Filter>Source Files</Filter>
    </ClCompile>
    <ClCompile Include="client\cl_view.c">
      <Filter>Source Files</Filter>
    </ClCompile>
    <ClCompile Include="qcommon\cmd.c">
      <Filter>Source Files</Filter>
    </ClCompile>
    <ClCompile Include="qcommon\cmodel.c">
      <Filter>Source Files</Filter>
    </ClCompile>
    <ClCompile Include="qcommon\common.c">
      <Filter>Source Files</Filter>
    </ClCompile>
    <ClCompile Include="win32\conproc.c">
      <Filter>Source Files</Filter>
    </ClCompile>
    <ClCompile Include="client\console.c">
      <Filter>Source Files</Filter>
    </ClCompile>
    <ClCompile Include="qcommon\crc.c">
      <Filter>Source Files</Filter>
    </ClCompile>
    <ClCompile Include="qcommon\cvar.c">
      <Filter>Source Files</Filter>
    </ClCompile>
    <ClCompile Include="qcommon\files.c">
      <Filter>Source Files</Filter>
    </ClCompile>
    <ClCompile Include="win32\in_win.c">
      <Filter>Source Files</Filter>
    </ClCompile>
    <ClCompile Include="client\keys.c">
      <Filter>Source Files</Filter>
    </ClCompile>
    <ClCompile Include="game\m_flash.c">
      <Filter>Source Files</Filter>
    </ClCompile>
    <ClCompile Include="qcommon\md4.c">
      <Filter>Source Files</Filter>
    </ClCompile>
    <ClCompile Include="client\menu.c">
      <Filter>Source Files</Filter>
    </ClCompile>
    <ClCompile Include="qcommon\net_chan.c">
      <Filter>Source Files</Filter>
    </ClCompile>
    <ClCompile Include="win32\net_wins.c">
      <Filter>Source Files</Filter>
    </ClCompile>
    <ClCompile Include="qcommon\pmove.c">
      <Filter>Source Files</Filter>
    </ClCompile>
    <ClCompile Include="game\q_shared.c">
      <Filter>Source Files</Filter>
    </ClCompile>
    <ClCompile Include="win32\q_shwin.c">
      <Filter>Source Files</Filter>
    </ClCompile>
    <ClCompile Include="client\qmenu.c">
      <Filter>Source Files</Filter>
    </ClCompile>
    <ClCompile Include="client\snd_dma.c">
      <Filter>Source Files</Filter>
    </ClCompile>
    <ClCompile Include="client\snd_mem.c">
      <Filter>Source Files</Filter>
    </ClCompile>
    <ClCompile Include="client\snd_mix.c">
      <Filter>Source Files</Filter>
    </ClCompile>
    <ClCompile Include="win32\snd_win.c">
      <Filter>Source Files</Filter>
    </ClCompile>
    <ClCompile Include="server\sv_ccmds.c">
      <Filter>Source Files</Filter>
    </ClCompile>
    <ClCompile Include="server\sv_ents.c">
      <Filter>Source Files</Filter>
    </ClCompile>
    <ClCompile Include="server\sv_game.c">
      <Filter>Source Files</Filter>
    </ClCompile>
    <ClCompile Include="server\sv_init.c">
      <Filter>Source Files</Filter>
    </ClCompile>
    <ClCompile Include="server\sv_main.c">
      <Filter>Source Files</Filter>
    </ClCompile>
    <ClCompile Include="server\sv_send.c">
      <Filter>Source Files</Filter>
    </ClCompile>
    <ClCompile Include="server\sv_user.c">
      <Filter>Source Files</Filter>
    </ClCompile>
    <ClCompile Include="server\sv_world.c">
      <Filter>Source Files</Filter>
    </ClCompile>
    <ClCompile Include="win32\sys_win.c">
      <Filter>Source Files</Filter>
    </ClCompile>
    <ClCompile Include="win32\vid_dll.c">
      <Filter>Source Files</Filter>
    </ClCompile>
    <ClCompile Include="win32\vid_menu.c">
      <Filter>Source Files</Filter>
    </ClCompile>
    <ClCompile Include="client\x86.c">
      <Filter>Source Files</Filter>
    </ClCompile>
  </ItemGroup>
  <ItemGroup>
    <ClInclude Include="client\anorms.h">
      <Filter>Header Files</Filter>
    </ClInclude>
    <ClInclude Include="qcommon\bspfile.h">
      <Filter>Header Files</Filter>
    </ClInclude>
    <ClInclude Include="client\cdaudio.h">
      <Filter>Header Files</Filter>
    </ClInclude>
    <ClInclude Include="client\client.h">
      <Filter>Header Files</Filter>
    </ClInclude>
    <ClInclude Include="win32\conproc.h">
      <Filter>Header Files</Filter>
    </ClInclude>
    <ClInclude Include="client\console.h">
      <Filter>Header Files</Filter>
    </ClInclude>
    <ClInclude Include="game\game.h">
      <Filter>Header Files</Filter>
    </ClInclude>
    <ClInclude Include="client\input.h">
      <Filter>Header Files</Filter>
    </ClInclude>
    <ClInclude Include="client\keys.h">
      <Filter>Header Files</Filter>
    </ClInclude>
    <ClInclude Include="game\q_shared.h">
      <Filter>Header Files</Filter>
    </ClInclude>
    <ClInclude Include="qcommon\qcommon.h">
      <Filter>Header Files</Filter>
    </ClInclude>
    <ClInclude Include="qcommon\qfiles.h">
      <Filter>Header Files</Filter>
    </ClInclude>
    <ClInclude Include="client\qmenu.h">
      <Filter>Header Files</Filter>
    </ClInclude>
    <ClInclude Include="client\ref.h">
      <Filter>Header Files</Filter>
    </ClInclude>
    <ClInclude Include="client\screen.h">
      <Filter>Header Files</Filter>
    </ClInclude>
    <ClInclude Include="server\server.h">
      <Filter>Header Files</Filter>
    </ClInclude>
    <ClInclude Include="client\snd_loc.h">
      <Filter>Header Files</Filter>
    </ClInclude>
    <ClInclude Include="client\sound.h">
      <Filter>Header Files</Filter>
    </ClInclude>
    <ClInclude Include="client\vid.h">
      <Filter>Header Files</Filter>
    </ClInclude>
    <ClInclude Include="win32\winquake.h">
      <Filter>Header Files</Filter>
    </ClInclude>
  </ItemGroup>
  <ItemGroup>
    <Image Include="win32\q2.ico">
      <Filter>Resource Files</Filter>
    </Image>
  </ItemGroup>
  <ItemGroup>
    <ResourceCompile Include="win32\q2.rc">
      <Filter>Resource Files</Filter>
    </ResourceCompile>
  </ItemGroup>
  <ItemGroup>
    <None Include="baseq2\pak2.pak" />
    <None Include="baseq2\pak1.pak" />
    <None Include="baseq2\pak0.pak" />
    <None Include="baseq2\maps.lst" />
    <None Include="baseq2\gamex86.dll" />
    <None Include="baseq2\config.cfg" />
    <None Include="baseq2\video\end.cin" />
    <None Include="baseq2\video\eou1_.cin" />
    <None Include="baseq2\video\eou2_.cin" />
    <None Include="baseq2\video\eou3_.cin" />
    <None Include="baseq2\video\eou4_.cin" />
    <None Include="baseq2\video\eou5_.cin" />
    <None Include="baseq2\video\eou6_.cin" />
    <None Include="baseq2\video\eou7_.cin" />
    <None Include="baseq2\video\eou8_.cin" />
    <None Include="baseq2\video\idlog.cin" />
    <None Include="baseq2\video\ntro.cin" />
    <None Include="baseq2\save\save0\game.ssv" />
    <None Include="baseq2\save\save0\server.ssv" />
    <None Include="baseq2\players\crakhor\a_grenades.md2" />
    <None Include="baseq2\players\crakhor\w_bfg.md2" />
    <None Include="baseq2\players\crakhor\w_blaster.md2" />
    <None Include="baseq2\players\crakhor\w_chainfist.md2" />
    <None Include="baseq2\players\crakhor\w_chaingun.md2" />
    <None Include="baseq2\players\crakhor\w_disrupt.md2" />
    <None Include="baseq2\players\crakhor\w_etfrifle.md2" />
    <None Include="baseq2\players\crakhor\w_glauncher.md2" />
    <None Include="baseq2\players\crakhor\w_grapple.md2" />
    <None Include="baseq2\players\crakhor\w_hyperblaster.md2" />
    <None Include="baseq2\players\crakhor\w_machinegun.md2" />
    <None Include="baseq2\players\crakhor\w_phalanx.md2" />
    <None Include="baseq2\players\crakhor\w_plasma.md2" />
    <None Include="baseq2\players\crakhor\w_plauncher.md2" />
    <None Include="baseq2\players\crakhor\w_railgun.md2" />
    <None Include="baseq2\players\crakhor\w_ripper.md2" />
    <None Include="baseq2\players\crakhor\w_rlauncher.md2" />
    <None Include="baseq2\players\crakhor\w_shotgun.md2" />
    <None Include="baseq2\players\crakhor\w_sshotgun.md2" />
    <None Include="baseq2\players\cyborg\a_grenades.md2" />
    <None Include="baseq2\players\cyborg\oni911.pcx" />
    <None Include="baseq2\players\cyborg\oni911_i.pcx" />
    <None Include="baseq2\players\cyborg\ps9000.pcx" />
    <None Include="baseq2\players\cyborg\ps9000_i.pcx" />
    <None Include="baseq2\players\cyborg\tris.md2" />
    <None Include="baseq2\players\cyborg\tyr574.pcx" />
    <None Include="baseq2\players\cyborg\tyr574_i.pcx" />
    <None Include="baseq2\players\cyborg\w_bfg.md2" />
    <None Include="baseq2\players\cyborg\w_blaster.md2" />
    <None Include="baseq2\players\cyborg\w_chainfist.md2" />
    <None Include="baseq2\players\cyborg\w_chaingun.md2" />
    <None Include="baseq2\players\cyborg\w_disrupt.md2" />
    <None Include="baseq2\players\cyborg\w_etfrifle.md2" />
    <None Include="baseq2\players\cyborg\w_glauncher.md2" />
    <None Include="baseq2\players\cyborg\w_grapple.md2" />
    <None Include="baseq2\players\cyborg\w_hyperblaster.md2" />
    <None Include="baseq2\players\cyborg\w_machinegun.md2" />
    <None Include="baseq2\players\cyborg\w_phalanx.md2" />
    <None Include="baseq2\players\cyborg\w_plasma.md2" />
    <None Include="baseq2\players\cyborg\w_plauncher.md2" />
    <None Include="baseq2\players\cyborg\w_railgun.md2" />
    <None Include="baseq2\players\cyborg\w_ripper.md2" />
    <None Include="baseq2\players\cyborg\w_rlauncher.md2" />
    <None Include="baseq2\players\cyborg\w_shotgun.md2" />
    <None Include="baseq2\players\cyborg\w_sshotgun.md2" />
    <None Include="baseq2\players\cyborg\weapon.md2" />
    <None Include="baseq2\players\cyborg\weapon.pcx" />
    <None Include="baseq2\players\cyborg\weapon.pcx.pcx" />
    <None Include="baseq2\players\female\a_grenades.md2" />
    <None Include="baseq2\players\female\athena.pcx" />
    <None Include="baseq2\players\female\athena_i.pcx" />
    <None Include="baseq2\players\female\brianna.pcx" />
    <None Include="baseq2\players\female\brianna_i.pcx" />
    <None Include="baseq2\players\female\cobalt.pcx" />
    <None Include="baseq2\players\female\cobalt_i.pcx" />
    <None Include="baseq2\players\female\ensign.pcx" />
    <None Include="baseq2\players\female\ensign_i.pcx" />
    <None Include="baseq2\players\female\jezebel.pcx" />
    <None Include="baseq2\players\female\jezebel_i.pcx" />
    <None Include="baseq2\players\female\jungle.pcx" />
    <None Include="baseq2\players\female\jungle_i.pcx" />
    <None Include="baseq2\players\female\lotus.pcx" />
    <None Include="baseq2\players\female\lotus_i.pcx" />
    <None Include="baseq2\players\female\stiletto.pcx" />
    <None Include="baseq2\players\female\stiletto_i.pcx" />
    <None Include="baseq2\players\female\tris.md2" />
    <None Include="baseq2\players\female\venus.pcx" />
    <None Include="baseq2\players\female\venus_i.pcx" />
    <None Include="baseq2\players\female\voodoo.pcx" />
    <None Include="baseq2\players\female\voodoo_i.pcx" />
    <None Include="baseq2\players\female\w_bfg.md2" />
    <None Include="baseq2\players\female\w_blaster.md2" />
    <None Include="baseq2\players\female\w_chainfist.md2" />
    <None Include="baseq2\players\female\w_chaingun.md2" />
    <None Include="baseq2\players\female\w_disrupt.md2" />
    <None Include="baseq2\players\female\w_etfrifle.md2" />
    <None Include="baseq2\players\female\w_glauncher.md2" />
    <None Include="baseq2\players\female\w_grapple.md2" />
    <None Include="baseq2\players\female\w_hyperblaster.md2" />
    <None Include="baseq2\players\female\w_machinegun.md2" />
    <None Include="baseq2\players\female\w_phalanx.md2" />
    <None Include="baseq2\players\female\w_plasma.md2" />
    <None Include="baseq2\players\female\w_plauncher.md2" />
    <None Include="baseq2\players\female\w_railgun.md2" />
    <None Include="baseq2\players\female\w_ripper.md2" />
    <None Include="baseq2\players\female\w_rlauncher.md2" />
    <None Include="baseq2\players\female\w_shotgun.md2" />
    <None Include="baseq2\players\female\w_sshotgun.md2" />
    <None Include="baseq2\players\female\weapon.md2" />
    <None Include="baseq2\players\female\weapon.pcx" />
    <None Include="baseq2\players\male\a_grenades.md2" />
    <None Include="baseq2\players\male\cipher.pcx" />
    <None Include="baseq2\players\male\cipher_i.pcx" />
    <None Include="baseq2\players\male\claymore.pcx" />
    <None Include="baseq2\players\male\claymore_i.pcx" />
    <None Include="baseq2\players\male\flak.pcx" />
    <None Include="baseq2\players\male\flak_i.pcx" />
    <None Include="baseq2\players\male\grunt.pcx" />
    <None Include="baseq2\players\male\grunt_i.pcx" />
    <None Include="baseq2\players\male\howitzer.pcx" />
    <None Include="baseq2\players\male\howitzer_i.pcx" />
    <None Include="baseq2\players\male\major.pcx" />
    <None Include="baseq2\players\male\major_i.pcx" />
    <None Include="baseq2\players\male\nightops.pcx" />
    <None Include="baseq2\players\male\nightops_i.pcx" />
    <None Include="baseq2\players\male\pointman.pcx" />
    <None Include="baseq2\players\male\pointman_i.pcx" />
    <None Include="baseq2\players\male\psycho.pcx" />
    <None Include="baseq2\players\male\psycho_i.pcx" />
    <None Include="baseq2\players\male\rampage.pcx" />
    <None Include="baseq2\players\male\rampage_i.pcx" />
    <None Include="baseq2\players\male\razor.pcx" />
    <None Include="baseq2\players\male\razor_i.pcx" />
    <None Include="baseq2\players\male\recon.pcx" />
    <None Include="baseq2\players\male\recon_i.pcx" />
    <None Include="baseq2\players\male\scout.pcx" />
    <None Include="baseq2\players\male\scout_i.pcx" />
    <None Include="baseq2\players\male\sniper.pcx" />
    <None Include="baseq2\players\male\sniper_i.pcx" />
    <None Include="baseq2\players\male\tris.md2" />
    <None Include="baseq2\players\male\viper.pcx" />
    <None Include="baseq2\players\male\viper_i.pcx" />
    <None Include="baseq2\players\male\w_bfg.md2" />
    <None Include="baseq2\players\male\w_blaster.md2" />
    <None Include="baseq2\players\male\w_chainfist.md2" />
    <None Include="baseq2\players\male\w_chaingun.md2" />
    <None Include="baseq2\players\male\w_disrupt.md2" />
    <None Include="baseq2\players\male\w_etfrifle.md2" />
    <None Include="baseq2\players\male\w_glauncher.md2" />
    <None Include="baseq2\players\male\w_grapple.md2" />
    <None Include="baseq2\players\male\w_hyperblaster.md2" />
    <None Include="baseq2\players\male\w_machinegun.md2" />
    <None Include="baseq2\players\male\w_phalanx.md2" />
    <None Include="baseq2\players\male\w_plasma.md2" />
    <None Include="baseq2\players\male\w_plauncher.md2" />
    <None Include="baseq2\players\male\w_railgun.md2" />
    <None Include="baseq2\players\male\w_ripper.md2" />
    <None Include="baseq2\players\male\w_rlauncher.md2" />
    <None Include="baseq2\players\male\w_shotgun.md2" />
    <None Include="baseq2\players\male\w_sshotgun.md2" />
    <None Include="baseq2\players\male\weapon.md2" />
    <None Include="baseq2\players\male\weapon.pcx" />
  </ItemGroup>
  <ItemGroup>
    <Media Include="baseq2\players\cyborg\bump1.wav" />
    <Media Include="baseq2\players\cyborg\death1.wav" />
    <Media Include="baseq2\players\cyborg\death2.wav" />
    <Media Include="baseq2\players\cyborg\death3.wav" />
    <Media Include="baseq2\players\cyborg\death4.wav" />
    <Media Include="baseq2\players\cyborg\drown1.wav" />
    <Media Include="baseq2\players\cyborg\fall1.wav" />
    <Media Include="baseq2\players\cyborg\fall2.wav" />
    <Media Include="baseq2\players\cyborg\gurp1.wav" />
    <Media Include="baseq2\players\cyborg\gurp2.wav" />
    <Media Include="baseq2\players\cyborg\jump1.wav" />
    <Media Include="baseq2\players\cyborg\pain25_1.wav" />
    <Media Include="baseq2\players\cyborg\pain25_2.wav" />
    <Media Include="baseq2\players\cyborg\pain50_1.wav" />
    <Media Include="baseq2\players\cyborg\pain50_2.wav" />
    <Media Include="baseq2\players\cyborg\pain75_1.wav" />
    <Media Include="baseq2\players\cyborg\pain75_2.wav" />
    <Media Include="baseq2\players\cyborg\pain100_1.wav" />
    <Media Include="baseq2\players\cyborg\pain100_2.wav" />
    <Media Include="baseq2\players\female\death1.wav" />
    <Media Include="baseq2\players\female\death2.wav" />
    <Media Include="baseq2\players\female\death3.wav" />
    <Media Include="baseq2\players\female\death4.wav" />
    <Media Include="baseq2\players\female\drown.wav" />
    <Media Include="baseq2\players\female\fall1.wav" />
    <Media Include="baseq2\players\female\fall2.wav" />
    <Media Include="baseq2\players\female\gurp1.wav" />
    <Media Include="baseq2\players\female\gurp2.wav" />
    <Media Include="baseq2\players\female\jump1.wav" />
    <Media Include="baseq2\players\female\pain25_1.wav" />
    <Media Include="baseq2\players\female\pain25_2.wav" />
    <Media Include="baseq2\players\female\pain50_1.wav" />
    <Media Include="baseq2\players\female\pain50_2.wav" />
    <Media Include="baseq2\players\female\pain75_1.wav" />
    <Media Include="baseq2\players\female\pain75_2.wav" />
    <Media Include="baseq2\players\female\pain100_1.wav" />
    <Media Include="baseq2\players\female\pain100_2.wav" />
    <Media Include="baseq2\players\male\bump1.wav" />
    <Media Include="baseq2\players\male\death1.wav" />
    <Media Include="baseq2\players\male\death2.wav" />
    <Media Include="baseq2\players\male\death3.wav" />
    <Media Include="baseq2\players\male\death4.wav" />
    <Media Include="baseq2\players\male\drown1.wav" />
    <Media Include="baseq2\players\male\fall1.wav" />
    <Media Include="baseq2\players\male\fall2.wav" />
    <Media Include="baseq2\players\male\gurp1.wav" />
    <Media Include="baseq2\players\male\gurp2.wav" />
    <Media Include="baseq2\players\male\jump1.wav" />
    <Media Include="baseq2\players\male\pain25_1.wav" />
    <Media Include="baseq2\players\male\pain25_2.wav" />
    <Media Include="baseq2\players\male\pain50_1.wav" />
    <Media Include="baseq2\players\male\pain50_2.wav" />
    <Media Include="baseq2\players\male\pain75_1.wav" />
    <Media Include="baseq2\players\male\pain75_2.wav" />
    <Media Include="baseq2\players\male\pain100_1.wav" />
    <Media Include="baseq2\players\male\pain100_2.wav" />
  </ItemGroup>
</Project>